// !$*UTF8*$!
{
	archiveVersion = 1;
	classes = {
	};
	objectVersion = 50;
	objects = {

/* Begin PBXBuildFile section */
		760E3D57E2567A2B5D85F773 /* libPods-BareBonesBranchPod.a in Frameworks */ = {isa = PBXBuildFile; fileRef = 6442204E53B57F6096CE64F9 /* libPods-BareBonesBranchPod.a */; };
		9A4F36FC23CD158B00E6D780 /* AppDelegate.m in Sources */ = {isa = PBXBuildFile; fileRef = 9A4F36FB23CD158B00E6D780 /* AppDelegate.m */; };
		9A4F36FF23CD158B00E6D780 /* SceneDelegate.m in Sources */ = {isa = PBXBuildFile; fileRef = 9A4F36FE23CD158B00E6D780 /* SceneDelegate.m */; };
		9A4F370223CD158B00E6D780 /* ViewController.m in Sources */ = {isa = PBXBuildFile; fileRef = 9A4F370123CD158B00E6D780 /* ViewController.m */; };
		9A4F370523CD158B00E6D780 /* Main.storyboard in Resources */ = {isa = PBXBuildFile; fileRef = 9A4F370323CD158B00E6D780 /* Main.storyboard */; };
		9A4F370823CD158B00E6D780 /* BareBonesBranchPod.xcdatamodeld in Sources */ = {isa = PBXBuildFile; fileRef = 9A4F370623CD158B00E6D780 /* BareBonesBranchPod.xcdatamodeld */; };
		9A4F370A23CD158C00E6D780 /* Assets.xcassets in Resources */ = {isa = PBXBuildFile; fileRef = 9A4F370923CD158C00E6D780 /* Assets.xcassets */; };
		9A4F370D23CD158C00E6D780 /* LaunchScreen.storyboard in Resources */ = {isa = PBXBuildFile; fileRef = 9A4F370B23CD158C00E6D780 /* LaunchScreen.storyboard */; };
		9A4F371023CD158C00E6D780 /* main.m in Sources */ = {isa = PBXBuildFile; fileRef = 9A4F370F23CD158C00E6D780 /* main.m */; };
		9A4F371A23CD158C00E6D780 /* BareBonesBranchPodTests.m in Sources */ = {isa = PBXBuildFile; fileRef = 9A4F371923CD158C00E6D780 /* BareBonesBranchPodTests.m */; };
		9A4F372523CD158C00E6D780 /* BareBonesBranchPodUITests.m in Sources */ = {isa = PBXBuildFile; fileRef = 9A4F372423CD158C00E6D780 /* BareBonesBranchPodUITests.m */; };
/* End PBXBuildFile section */

/* Begin PBXContainerItemProxy section */
		9A4F371623CD158C00E6D780 /* PBXContainerItemProxy */ = {
			isa = PBXContainerItemProxy;
			containerPortal = 9A4F36EF23CD158B00E6D780 /* Project object */;
			proxyType = 1;
			remoteGlobalIDString = 9A4F36F623CD158B00E6D780;
			remoteInfo = BareBonesBranchPod;
		};
		9A4F372123CD158C00E6D780 /* PBXContainerItemProxy */ = {
			isa = PBXContainerItemProxy;
			containerPortal = 9A4F36EF23CD158B00E6D780 /* Project object */;
			proxyType = 1;
			remoteGlobalIDString = 9A4F36F623CD158B00E6D780;
			remoteInfo = BareBonesBranchPod;
		};
/* End PBXContainerItemProxy section */

/* Begin PBXFileReference section */
		63A0DDC2A26E167D9BB8A205 /* Pods-BareBonesBranchPod.debug.xcconfig */ = {isa = PBXFileReference; includeInIndex = 1; lastKnownFileType = text.xcconfig; name = "Pods-BareBonesBranchPod.debug.xcconfig"; path = "Target Support Files/Pods-BareBonesBranchPod/Pods-BareBonesBranchPod.debug.xcconfig"; sourceTree = "<group>"; };
		6442204E53B57F6096CE64F9 /* libPods-BareBonesBranchPod.a */ = {isa = PBXFileReference; explicitFileType = archive.ar; includeInIndex = 0; path = "libPods-BareBonesBranchPod.a"; sourceTree = BUILT_PRODUCTS_DIR; };
		85BD87881EF5663A02058A9D /* Pods-BareBonesBranchPod.release.xcconfig */ = {isa = PBXFileReference; includeInIndex = 1; lastKnownFileType = text.xcconfig; name = "Pods-BareBonesBranchPod.release.xcconfig"; path = "Target Support Files/Pods-BareBonesBranchPod/Pods-BareBonesBranchPod.release.xcconfig"; sourceTree = "<group>"; };
		9A4F36F723CD158B00E6D780 /* BareBonesBranchPod.app */ = {isa = PBXFileReference; explicitFileType = wrapper.application; includeInIndex = 0; path = BareBonesBranchPod.app; sourceTree = BUILT_PRODUCTS_DIR; };
		9A4F36FA23CD158B00E6D780 /* AppDelegate.h */ = {isa = PBXFileReference; lastKnownFileType = sourcecode.c.h; path = AppDelegate.h; sourceTree = "<group>"; };
		9A4F36FB23CD158B00E6D780 /* AppDelegate.m */ = {isa = PBXFileReference; lastKnownFileType = sourcecode.c.objc; path = AppDelegate.m; sourceTree = "<group>"; };
		9A4F36FD23CD158B00E6D780 /* SceneDelegate.h */ = {isa = PBXFileReference; lastKnownFileType = sourcecode.c.h; path = SceneDelegate.h; sourceTree = "<group>"; };
		9A4F36FE23CD158B00E6D780 /* SceneDelegate.m */ = {isa = PBXFileReference; lastKnownFileType = sourcecode.c.objc; path = SceneDelegate.m; sourceTree = "<group>"; };
		9A4F370023CD158B00E6D780 /* ViewController.h */ = {isa = PBXFileReference; lastKnownFileType = sourcecode.c.h; path = ViewController.h; sourceTree = "<group>"; };
		9A4F370123CD158B00E6D780 /* ViewController.m */ = {isa = PBXFileReference; lastKnownFileType = sourcecode.c.objc; path = ViewController.m; sourceTree = "<group>"; };
		9A4F370423CD158B00E6D780 /* Base */ = {isa = PBXFileReference; lastKnownFileType = file.storyboard; name = Base; path = Base.lproj/Main.storyboard; sourceTree = "<group>"; };
		9A4F370723CD158B00E6D780 /* BareBonesBranchPod.xcdatamodel */ = {isa = PBXFileReference; lastKnownFileType = wrapper.xcdatamodel; path = BareBonesBranchPod.xcdatamodel; sourceTree = "<group>"; };
		9A4F370923CD158C00E6D780 /* Assets.xcassets */ = {isa = PBXFileReference; lastKnownFileType = folder.assetcatalog; path = Assets.xcassets; sourceTree = "<group>"; };
		9A4F370C23CD158C00E6D780 /* Base */ = {isa = PBXFileReference; lastKnownFileType = file.storyboard; name = Base; path = Base.lproj/LaunchScreen.storyboard; sourceTree = "<group>"; };
		9A4F370E23CD158C00E6D780 /* Info.plist */ = {isa = PBXFileReference; lastKnownFileType = text.plist.xml; path = Info.plist; sourceTree = "<group>"; };
		9A4F370F23CD158C00E6D780 /* main.m */ = {isa = PBXFileReference; lastKnownFileType = sourcecode.c.objc; path = main.m; sourceTree = "<group>"; };
		9A4F371523CD158C00E6D780 /* BareBonesBranchPodTests.xctest */ = {isa = PBXFileReference; explicitFileType = wrapper.cfbundle; includeInIndex = 0; path = BareBonesBranchPodTests.xctest; sourceTree = BUILT_PRODUCTS_DIR; };
		9A4F371923CD158C00E6D780 /* BareBonesBranchPodTests.m */ = {isa = PBXFileReference; lastKnownFileType = sourcecode.c.objc; path = BareBonesBranchPodTests.m; sourceTree = "<group>"; };
		9A4F371B23CD158C00E6D780 /* Info.plist */ = {isa = PBXFileReference; lastKnownFileType = text.plist.xml; path = Info.plist; sourceTree = "<group>"; };
		9A4F372023CD158C00E6D780 /* BareBonesBranchPodUITests.xctest */ = {isa = PBXFileReference; explicitFileType = wrapper.cfbundle; includeInIndex = 0; path = BareBonesBranchPodUITests.xctest; sourceTree = BUILT_PRODUCTS_DIR; };
		9A4F372423CD158C00E6D780 /* BareBonesBranchPodUITests.m */ = {isa = PBXFileReference; lastKnownFileType = sourcecode.c.objc; path = BareBonesBranchPodUITests.m; sourceTree = "<group>"; };
		9A4F372623CD158C00E6D780 /* Info.plist */ = {isa = PBXFileReference; lastKnownFileType = text.plist.xml; path = Info.plist; sourceTree = "<group>"; };
/* End PBXFileReference section */

/* Begin PBXFrameworksBuildPhase section */
		9A4F36F423CD158B00E6D780 /* Frameworks */ = {
			isa = PBXFrameworksBuildPhase;
			buildActionMask = 2147483647;
			files = (
				760E3D57E2567A2B5D85F773 /* libPods-BareBonesBranchPod.a in Frameworks */,
			);
			runOnlyForDeploymentPostprocessing = 0;
		};
		9A4F371223CD158C00E6D780 /* Frameworks */ = {
			isa = PBXFrameworksBuildPhase;
			buildActionMask = 2147483647;
			files = (
			);
			runOnlyForDeploymentPostprocessing = 0;
		};
		9A4F371D23CD158C00E6D780 /* Frameworks */ = {
			isa = PBXFrameworksBuildPhase;
			buildActionMask = 2147483647;
			files = (
			);
			runOnlyForDeploymentPostprocessing = 0;
		};
/* End PBXFrameworksBuildPhase section */

/* Begin PBXGroup section */
		213729F4B070AADB2443F9B6 /* Frameworks */ = {
			isa = PBXGroup;
			children = (
				6442204E53B57F6096CE64F9 /* libPods-BareBonesBranchPod.a */,
			);
			name = Frameworks;
			sourceTree = "<group>";
		};
		9A4F36EE23CD158B00E6D780 = {
			isa = PBXGroup;
			children = (
				9A4F36F923CD158B00E6D780 /* BareBonesBranchPod */,
				9A4F371823CD158C00E6D780 /* BareBonesBranchPodTests */,
				9A4F372323CD158C00E6D780 /* BareBonesBranchPodUITests */,
				9A4F36F823CD158B00E6D780 /* Products */,
				EF7C152101965C41427A2C1F /* Pods */,
				213729F4B070AADB2443F9B6 /* Frameworks */,
			);
			sourceTree = "<group>";
		};
		9A4F36F823CD158B00E6D780 /* Products */ = {
			isa = PBXGroup;
			children = (
				9A4F36F723CD158B00E6D780 /* BareBonesBranchPod.app */,
				9A4F371523CD158C00E6D780 /* BareBonesBranchPodTests.xctest */,
				9A4F372023CD158C00E6D780 /* BareBonesBranchPodUITests.xctest */,
			);
			name = Products;
			sourceTree = "<group>";
		};
		9A4F36F923CD158B00E6D780 /* BareBonesBranchPod */ = {
			isa = PBXGroup;
			children = (
				9A4F36FA23CD158B00E6D780 /* AppDelegate.h */,
				9A4F36FB23CD158B00E6D780 /* AppDelegate.m */,
				9A4F36FD23CD158B00E6D780 /* SceneDelegate.h */,
				9A4F36FE23CD158B00E6D780 /* SceneDelegate.m */,
				9A4F370023CD158B00E6D780 /* ViewController.h */,
				9A4F370123CD158B00E6D780 /* ViewController.m */,
				9A4F370323CD158B00E6D780 /* Main.storyboard */,
				9A4F370923CD158C00E6D780 /* Assets.xcassets */,
				9A4F370B23CD158C00E6D780 /* LaunchScreen.storyboard */,
				9A4F370E23CD158C00E6D780 /* Info.plist */,
				9A4F370F23CD158C00E6D780 /* main.m */,
				9A4F370623CD158B00E6D780 /* BareBonesBranchPod.xcdatamodeld */,
			);
			path = BareBonesBranchPod;
			sourceTree = "<group>";
		};
		9A4F371823CD158C00E6D780 /* BareBonesBranchPodTests */ = {
			isa = PBXGroup;
			children = (
				9A4F371923CD158C00E6D780 /* BareBonesBranchPodTests.m */,
				9A4F371B23CD158C00E6D780 /* Info.plist */,
			);
			path = BareBonesBranchPodTests;
			sourceTree = "<group>";
		};
		9A4F372323CD158C00E6D780 /* BareBonesBranchPodUITests */ = {
			isa = PBXGroup;
			children = (
				9A4F372423CD158C00E6D780 /* BareBonesBranchPodUITests.m */,
				9A4F372623CD158C00E6D780 /* Info.plist */,
			);
			path = BareBonesBranchPodUITests;
			sourceTree = "<group>";
		};
		EF7C152101965C41427A2C1F /* Pods */ = {
			isa = PBXGroup;
			children = (
				63A0DDC2A26E167D9BB8A205 /* Pods-BareBonesBranchPod.debug.xcconfig */,
				85BD87881EF5663A02058A9D /* Pods-BareBonesBranchPod.release.xcconfig */,
			);
			name = Pods;
			path = Pods;
			sourceTree = "<group>";
		};
/* End PBXGroup section */

/* Begin PBXNativeTarget section */
		9A4F36F623CD158B00E6D780 /* BareBonesBranchPod */ = {
			isa = PBXNativeTarget;
			buildConfigurationList = 9A4F372923CD158C00E6D780 /* Build configuration list for PBXNativeTarget "BareBonesBranchPod" */;
			buildPhases = (
				7C458EC1E6105FFE1187BF5D /* [CP] Check Pods Manifest.lock */,
				9A4F36F323CD158B00E6D780 /* Sources */,
				9A4F36F423CD158B00E6D780 /* Frameworks */,
				9A4F36F523CD158B00E6D780 /* Resources */,
			);
			buildRules = (
			);
			dependencies = (
			);
			name = BareBonesBranchPod;
			productName = BareBonesBranchPod;
			productReference = 9A4F36F723CD158B00E6D780 /* BareBonesBranchPod.app */;
			productType = "com.apple.product-type.application";
		};
		9A4F371423CD158C00E6D780 /* BareBonesBranchPodTests */ = {
			isa = PBXNativeTarget;
			buildConfigurationList = 9A4F372C23CD158C00E6D780 /* Build configuration list for PBXNativeTarget "BareBonesBranchPodTests" */;
			buildPhases = (
				9A4F371123CD158C00E6D780 /* Sources */,
				9A4F371223CD158C00E6D780 /* Frameworks */,
				9A4F371323CD158C00E6D780 /* Resources */,
			);
			buildRules = (
			);
			dependencies = (
				9A4F371723CD158C00E6D780 /* PBXTargetDependency */,
			);
			name = BareBonesBranchPodTests;
			productName = BareBonesBranchPodTests;
			productReference = 9A4F371523CD158C00E6D780 /* BareBonesBranchPodTests.xctest */;
			productType = "com.apple.product-type.bundle.unit-test";
		};
		9A4F371F23CD158C00E6D780 /* BareBonesBranchPodUITests */ = {
			isa = PBXNativeTarget;
			buildConfigurationList = 9A4F372F23CD158C00E6D780 /* Build configuration list for PBXNativeTarget "BareBonesBranchPodUITests" */;
			buildPhases = (
				9A4F371C23CD158C00E6D780 /* Sources */,
				9A4F371D23CD158C00E6D780 /* Frameworks */,
				9A4F371E23CD158C00E6D780 /* Resources */,
			);
			buildRules = (
			);
			dependencies = (
				9A4F372223CD158C00E6D780 /* PBXTargetDependency */,
			);
			name = BareBonesBranchPodUITests;
			productName = BareBonesBranchPodUITests;
			productReference = 9A4F372023CD158C00E6D780 /* BareBonesBranchPodUITests.xctest */;
			productType = "com.apple.product-type.bundle.ui-testing";
		};
/* End PBXNativeTarget section */

/* Begin PBXProject section */
		9A4F36EF23CD158B00E6D780 /* Project object */ = {
			isa = PBXProject;
			attributes = {
				LastUpgradeCheck = 1130;
				ORGANIZATIONNAME = "Jacob Singer";
				TargetAttributes = {
					9A4F36F623CD158B00E6D780 = {
						CreatedOnToolsVersion = 11.3;
					};
					9A4F371423CD158C00E6D780 = {
						CreatedOnToolsVersion = 11.3;
						TestTargetID = 9A4F36F623CD158B00E6D780;
					};
					9A4F371F23CD158C00E6D780 = {
						CreatedOnToolsVersion = 11.3;
						TestTargetID = 9A4F36F623CD158B00E6D780;
					};
				};
			};
			buildConfigurationList = 9A4F36F223CD158B00E6D780 /* Build configuration list for PBXProject "BareBonesBranchPod" */;
			compatibilityVersion = "Xcode 9.3";
			developmentRegion = en;
			hasScannedForEncodings = 0;
			knownRegions = (
				en,
				Base,
			);
			mainGroup = 9A4F36EE23CD158B00E6D780;
			productRefGroup = 9A4F36F823CD158B00E6D780 /* Products */;
			projectDirPath = "";
			projectRoot = "";
			targets = (
				9A4F36F623CD158B00E6D780 /* BareBonesBranchPod */,
				9A4F371423CD158C00E6D780 /* BareBonesBranchPodTests */,
				9A4F371F23CD158C00E6D780 /* BareBonesBranchPodUITests */,
			);
		};
/* End PBXProject section */

/* Begin PBXResourcesBuildPhase section */
		9A4F36F523CD158B00E6D780 /* Resources */ = {
			isa = PBXResourcesBuildPhase;
			buildActionMask = 2147483647;
			files = (
				9A4F370D23CD158C00E6D780 /* LaunchScreen.storyboard in Resources */,
				9A4F370A23CD158C00E6D780 /* Assets.xcassets in Resources */,
				9A4F370523CD158B00E6D780 /* Main.storyboard in Resources */,
			);
			runOnlyForDeploymentPostprocessing = 0;
		};
		9A4F371323CD158C00E6D780 /* Resources */ = {
			isa = PBXResourcesBuildPhase;
			buildActionMask = 2147483647;
			files = (
			);
			runOnlyForDeploymentPostprocessing = 0;
		};
		9A4F371E23CD158C00E6D780 /* Resources */ = {
			isa = PBXResourcesBuildPhase;
			buildActionMask = 2147483647;
			files = (
			);
			runOnlyForDeploymentPostprocessing = 0;
		};
/* End PBXResourcesBuildPhase section */

/* Begin PBXShellScriptBuildPhase section */
		7C458EC1E6105FFE1187BF5D /* [CP] Check Pods Manifest.lock */ = {
			isa = PBXShellScriptBuildPhase;
			buildActionMask = 2147483647;
			files = (
			);
			inputFileListPaths = (
			);
			inputPaths = (
				"${PODS_PODFILE_DIR_PATH}/Podfile.lock",
				"${PODS_ROOT}/Manifest.lock",
			);
			name = "[CP] Check Pods Manifest.lock";
			outputFileListPaths = (
			);
			outputPaths = (
				"$(DERIVED_FILE_DIR)/Pods-BareBonesBranchPod-checkManifestLockResult.txt",
			);
			runOnlyForDeploymentPostprocessing = 0;
			shellPath = /bin/sh;
			shellScript = "diff \"${PODS_PODFILE_DIR_PATH}/Podfile.lock\" \"${PODS_ROOT}/Manifest.lock\" > /dev/null\nif [ $? != 0 ] ; then\n    # print error to STDERR\n    echo \"error: The sandbox is not in sync with the Podfile.lock. Run 'pod install' or update your CocoaPods installation.\" >&2\n    exit 1\nfi\n# This output is used by Xcode 'outputs' to avoid re-running this script phase.\necho \"SUCCESS\" > \"${SCRIPT_OUTPUT_FILE_0}\"\n";
			showEnvVarsInLog = 0;
		};
/* End PBXShellScriptBuildPhase section */

/* Begin PBXSourcesBuildPhase section */
		9A4F36F323CD158B00E6D780 /* Sources */ = {
			isa = PBXSourcesBuildPhase;
			buildActionMask = 2147483647;
			files = (
				9A4F371023CD158C00E6D780 /* main.m in Sources */,
				9A4F370223CD158B00E6D780 /* ViewController.m in Sources */,
				9A4F370823CD158B00E6D780 /* BareBonesBranchPod.xcdatamodeld in Sources */,
				9A4F36FC23CD158B00E6D780 /* AppDelegate.m in Sources */,
				9A4F36FF23CD158B00E6D780 /* SceneDelegate.m in Sources */,
			);
			runOnlyForDeploymentPostprocessing = 0;
		};
		9A4F371123CD158C00E6D780 /* Sources */ = {
			isa = PBXSourcesBuildPhase;
			buildActionMask = 2147483647;
			files = (
				9A4F371A23CD158C00E6D780 /* BareBonesBranchPodTests.m in Sources */,
			);
			runOnlyForDeploymentPostprocessing = 0;
		};
		9A4F371C23CD158C00E6D780 /* Sources */ = {
			isa = PBXSourcesBuildPhase;
			buildActionMask = 2147483647;
			files = (
				9A4F372523CD158C00E6D780 /* BareBonesBranchPodUITests.m in Sources */,
			);
			runOnlyForDeploymentPostprocessing = 0;
		};
/* End PBXSourcesBuildPhase section */

/* Begin PBXTargetDependency section */
		9A4F371723CD158C00E6D780 /* PBXTargetDependency */ = {
			isa = PBXTargetDependency;
			target = 9A4F36F623CD158B00E6D780 /* BareBonesBranchPod */;
			targetProxy = 9A4F371623CD158C00E6D780 /* PBXContainerItemProxy */;
		};
		9A4F372223CD158C00E6D780 /* PBXTargetDependency */ = {
			isa = PBXTargetDependency;
			target = 9A4F36F623CD158B00E6D780 /* BareBonesBranchPod */;
			targetProxy = 9A4F372123CD158C00E6D780 /* PBXContainerItemProxy */;
		};
/* End PBXTargetDependency section */

/* Begin PBXVariantGroup section */
		9A4F370323CD158B00E6D780 /* Main.storyboard */ = {
			isa = PBXVariantGroup;
			children = (
				9A4F370423CD158B00E6D780 /* Base */,
			);
			name = Main.storyboard;
			sourceTree = "<group>";
		};
		9A4F370B23CD158C00E6D780 /* LaunchScreen.storyboard */ = {
			isa = PBXVariantGroup;
			children = (
				9A4F370C23CD158C00E6D780 /* Base */,
			);
			name = LaunchScreen.storyboard;
			sourceTree = "<group>";
		};
/* End PBXVariantGroup section */

/* Begin XCBuildConfiguration section */
		9A4F372723CD158C00E6D780 /* Debug */ = {
			isa = XCBuildConfiguration;
			buildSettings = {
				ALWAYS_SEARCH_USER_PATHS = NO;
				CLANG_ANALYZER_NONNULL = YES;
				CLANG_ANALYZER_NUMBER_OBJECT_CONVERSION = YES_AGGRESSIVE;
				CLANG_CXX_LANGUAGE_STANDARD = "gnu++14";
				CLANG_CXX_LIBRARY = "libc++";
				CLANG_ENABLE_MODULES = YES;
				CLANG_ENABLE_OBJC_ARC = YES;
				CLANG_ENABLE_OBJC_WEAK = YES;
				CLANG_WARN_BLOCK_CAPTURE_AUTORELEASING = YES;
				CLANG_WARN_BOOL_CONVERSION = YES;
				CLANG_WARN_COMMA = YES;
				CLANG_WARN_CONSTANT_CONVERSION = YES;
				CLANG_WARN_DEPRECATED_OBJC_IMPLEMENTATIONS = YES;
				CLANG_WARN_DIRECT_OBJC_ISA_USAGE = YES_ERROR;
				CLANG_WARN_DOCUMENTATION_COMMENTS = YES;
				CLANG_WARN_EMPTY_BODY = YES;
				CLANG_WARN_ENUM_CONVERSION = YES;
				CLANG_WARN_INFINITE_RECURSION = YES;
				CLANG_WARN_INT_CONVERSION = YES;
				CLANG_WARN_NON_LITERAL_NULL_CONVERSION = YES;
				CLANG_WARN_OBJC_IMPLICIT_RETAIN_SELF = YES;
				CLANG_WARN_OBJC_LITERAL_CONVERSION = YES;
				CLANG_WARN_OBJC_ROOT_CLASS = YES_ERROR;
				CLANG_WARN_RANGE_LOOP_ANALYSIS = YES;
				CLANG_WARN_STRICT_PROTOTYPES = YES;
				CLANG_WARN_SUSPICIOUS_MOVE = YES;
				CLANG_WARN_UNGUARDED_AVAILABILITY = YES_AGGRESSIVE;
				CLANG_WARN_UNREACHABLE_CODE = YES;
				CLANG_WARN__DUPLICATE_METHOD_MATCH = YES;
				COPY_PHASE_STRIP = NO;
				DEBUG_INFORMATION_FORMAT = dwarf;
				ENABLE_STRICT_OBJC_MSGSEND = YES;
				ENABLE_TESTABILITY = YES;
				GCC_C_LANGUAGE_STANDARD = gnu11;
				GCC_DYNAMIC_NO_PIC = NO;
				GCC_NO_COMMON_BLOCKS = YES;
				GCC_OPTIMIZATION_LEVEL = 0;
				GCC_PREPROCESSOR_DEFINITIONS = (
					"DEBUG=1",
					"$(inherited)",
				);
				GCC_WARN_64_TO_32_BIT_CONVERSION = YES;
				GCC_WARN_ABOUT_RETURN_TYPE = YES_ERROR;
				GCC_WARN_UNDECLARED_SELECTOR = YES;
				GCC_WARN_UNINITIALIZED_AUTOS = YES_AGGRESSIVE;
				GCC_WARN_UNUSED_FUNCTION = YES;
				GCC_WARN_UNUSED_VARIABLE = YES;
				IPHONEOS_DEPLOYMENT_TARGET = 13.2;
				MTL_ENABLE_DEBUG_INFO = INCLUDE_SOURCE;
				MTL_FAST_MATH = YES;
				ONLY_ACTIVE_ARCH = YES;
				SDKROOT = iphoneos;
			};
			name = Debug;
		};
		9A4F372823CD158C00E6D780 /* Release */ = {
			isa = XCBuildConfiguration;
			buildSettings = {
				ALWAYS_SEARCH_USER_PATHS = NO;
				CLANG_ANALYZER_NONNULL = YES;
				CLANG_ANALYZER_NUMBER_OBJECT_CONVERSION = YES_AGGRESSIVE;
				CLANG_CXX_LANGUAGE_STANDARD = "gnu++14";
				CLANG_CXX_LIBRARY = "libc++";
				CLANG_ENABLE_MODULES = YES;
				CLANG_ENABLE_OBJC_ARC = YES;
				CLANG_ENABLE_OBJC_WEAK = YES;
				CLANG_WARN_BLOCK_CAPTURE_AUTORELEASING = YES;
				CLANG_WARN_BOOL_CONVERSION = YES;
				CLANG_WARN_COMMA = YES;
				CLANG_WARN_CONSTANT_CONVERSION = YES;
				CLANG_WARN_DEPRECATED_OBJC_IMPLEMENTATIONS = YES;
				CLANG_WARN_DIRECT_OBJC_ISA_USAGE = YES_ERROR;
				CLANG_WARN_DOCUMENTATION_COMMENTS = YES;
				CLANG_WARN_EMPTY_BODY = YES;
				CLANG_WARN_ENUM_CONVERSION = YES;
				CLANG_WARN_INFINITE_RECURSION = YES;
				CLANG_WARN_INT_CONVERSION = YES;
				CLANG_WARN_NON_LITERAL_NULL_CONVERSION = YES;
				CLANG_WARN_OBJC_IMPLICIT_RETAIN_SELF = YES;
				CLANG_WARN_OBJC_LITERAL_CONVERSION = YES;
				CLANG_WARN_OBJC_ROOT_CLASS = YES_ERROR;
				CLANG_WARN_RANGE_LOOP_ANALYSIS = YES;
				CLANG_WARN_STRICT_PROTOTYPES = YES;
				CLANG_WARN_SUSPICIOUS_MOVE = YES;
				CLANG_WARN_UNGUARDED_AVAILABILITY = YES_AGGRESSIVE;
				CLANG_WARN_UNREACHABLE_CODE = YES;
				CLANG_WARN__DUPLICATE_METHOD_MATCH = YES;
				COPY_PHASE_STRIP = NO;
				DEBUG_INFORMATION_FORMAT = "dwarf-with-dsym";
				ENABLE_NS_ASSERTIONS = NO;
				ENABLE_STRICT_OBJC_MSGSEND = YES;
				GCC_C_LANGUAGE_STANDARD = gnu11;
				GCC_NO_COMMON_BLOCKS = YES;
				GCC_WARN_64_TO_32_BIT_CONVERSION = YES;
				GCC_WARN_ABOUT_RETURN_TYPE = YES_ERROR;
				GCC_WARN_UNDECLARED_SELECTOR = YES;
				GCC_WARN_UNINITIALIZED_AUTOS = YES_AGGRESSIVE;
				GCC_WARN_UNUSED_FUNCTION = YES;
				GCC_WARN_UNUSED_VARIABLE = YES;
				IPHONEOS_DEPLOYMENT_TARGET = 13.2;
				MTL_ENABLE_DEBUG_INFO = NO;
				MTL_FAST_MATH = YES;
				SDKROOT = iphoneos;
				VALIDATE_PRODUCT = YES;
			};
			name = Release;
		};
		9A4F372A23CD158C00E6D780 /* Debug */ = {
			isa = XCBuildConfiguration;
			baseConfigurationReference = 63A0DDC2A26E167D9BB8A205 /* Pods-BareBonesBranchPod.debug.xcconfig */;
			buildSettings = {
				ASSETCATALOG_COMPILER_APPICON_NAME = AppIcon;
				CODE_SIGN_STYLE = Automatic;
				INFOPLIST_FILE = BareBonesBranchPod/Info.plist;
				LD_RUNPATH_SEARCH_PATHS = (
					"$(inherited)",
					"@executable_path/Frameworks",
				);
				PRODUCT_BUNDLE_IDENTIFIER = com.jacobleesinger.BareBonesBranchPod;
				PRODUCT_NAME = "$(TARGET_NAME)";
				TARGETED_DEVICE_FAMILY = "1,2";
			};
			name = Debug;
		};
		9A4F372B23CD158C00E6D780 /* Release */ = {
			isa = XCBuildConfiguration;
			baseConfigurationReference = 85BD87881EF5663A02058A9D /* Pods-BareBonesBranchPod.release.xcconfig */;
			buildSettings = {
				ASSETCATALOG_COMPILER_APPICON_NAME = AppIcon;
				CODE_SIGN_STYLE = Automatic;
				INFOPLIST_FILE = BareBonesBranchPod/Info.plist;
				LD_RUNPATH_SEARCH_PATHS = (
					"$(inherited)",
					"@executable_path/Frameworks",
				);
				PRODUCT_BUNDLE_IDENTIFIER = com.jacobleesinger.BareBonesBranchPod;
				PRODUCT_NAME = "$(TARGET_NAME)";
				TARGETED_DEVICE_FAMILY = "1,2";
			};
			name = Release;
		};
		9A4F372D23CD158C00E6D780 /* Debug */ = {
			isa = XCBuildConfiguration;
			buildSettings = {
				BUNDLE_LOADER = "$(TEST_HOST)";
				CODE_SIGN_STYLE = Automatic;
				INFOPLIST_FILE = BareBonesBranchPodTests/Info.plist;
				IPHONEOS_DEPLOYMENT_TARGET = 13.2;
				LD_RUNPATH_SEARCH_PATHS = (
					"$(inherited)",
					"@executable_path/Frameworks",
					"@loader_path/Frameworks",
				);
				PRODUCT_BUNDLE_IDENTIFIER = com.jacobleesinger.BareBonesBranchPodTests;
				PRODUCT_NAME = "$(TARGET_NAME)";
				TARGETED_DEVICE_FAMILY = "1,2";
				TEST_HOST = "$(BUILT_PRODUCTS_DIR)/BareBonesBranchPod.app/BareBonesBranchPod";
			};
			name = Debug;
		};
		9A4F372E23CD158C00E6D780 /* Release */ = {
			isa = XCBuildConfiguration;
			buildSettings = {
				BUNDLE_LOADER = "$(TEST_HOST)";
				CODE_SIGN_STYLE = Automatic;
				INFOPLIST_FILE = BareBonesBranchPodTests/Info.plist;
				IPHONEOS_DEPLOYMENT_TARGET = 13.2;
				LD_RUNPATH_SEARCH_PATHS = (
					"$(inherited)",
					"@executable_path/Frameworks",
					"@loader_path/Frameworks",
				);
				PRODUCT_BUNDLE_IDENTIFIER = com.jacobleesinger.BareBonesBranchPodTests;
				PRODUCT_NAME = "$(TARGET_NAME)";
				TARGETED_DEVICE_FAMILY = "1,2";
				TEST_HOST = "$(BUILT_PRODUCTS_DIR)/BareBonesBranchPod.app/BareBonesBranchPod";
			};
			name = Release;
		};
		9A4F373023CD158C00E6D780 /* Debug */ = {
			isa = XCBuildConfiguration;
			buildSettings = {
				CODE_SIGN_STYLE = Automatic;
				INFOPLIST_FILE = BareBonesBranchPodUITests/Info.plist;
				LD_RUNPATH_SEARCH_PATHS = (
					"$(inherited)",
					"@executable_path/Frameworks",
					"@loader_path/Frameworks",
				);
				PRODUCT_BUNDLE_IDENTIFIER = com.jacobleesinger.BareBonesBranchPodUITests;
				PRODUCT_NAME = "$(TARGET_NAME)";
				TARGETED_DEVICE_FAMILY = "1,2";
				TEST_TARGET_NAME = BareBonesBranchPod;
			};
			name = Debug;
		};
		9A4F373123CD158C00E6D780 /* Release */ = {
			isa = XCBuildConfiguration;
			buildSettings = {
				CODE_SIGN_STYLE = Automatic;
				INFOPLIST_FILE = BareBonesBranchPodUITests/Info.plist;
				LD_RUNPATH_SEARCH_PATHS = (
					"$(inherited)",
					"@executable_path/Frameworks",
					"@loader_path/Frameworks",
				);
				PRODUCT_BUNDLE_IDENTIFIER = com.jacobleesinger.BareBonesBranchPodUITests;
				PRODUCT_NAME = "$(TARGET_NAME)";
				TARGETED_DEVICE_FAMILY = "1,2";
				TEST_TARGET_NAME = BareBonesBranchPod;
			};
			name = Release;
		};
/* End XCBuildConfiguration section */

/* Begin XCConfigurationList section */
		9A4F36F223CD158B00E6D780 /* Build configuration list for PBXProject "BareBonesBranchPod" */ = {
			isa = XCConfigurationList;
			buildConfigurations = (
				9A4F372723CD158C00E6D780 /* Debug */,
				9A4F372823CD158C00E6D780 /* Release */,
			);
			defaultConfigurationIsVisible = 0;
			defaultConfigurationName = Release;
		};
		9A4F372923CD158C00E6D780 /* Build configuration list for PBXNativeTarget "BareBonesBranchPod" */ = {
			isa = XCConfigurationList;
			buildConfigurations = (
				9A4F372A23CD158C00E6D780 /* Debug */,
				9A4F372B23CD158C00E6D780 /* Release */,
			);
			defaultConfigurationIsVisible = 0;
			defaultConfigurationName = Release;
		};
		9A4F372C23CD158C00E6D780 /* Build configuration list for PBXNativeTarget "BareBonesBranchPodTests" */ = {
			isa = XCConfigurationList;
			buildConfigurations = (
				9A4F372D23CD158C00E6D780 /* Debug */,
				9A4F372E23CD158C00E6D780 /* Release */,
			);
			defaultConfigurationIsVisible = 0;
			defaultConfigurationName = Release;
		};
		9A4F372F23CD158C00E6D780 /* Build configuration list for PBXNativeTarget "BareBonesBranchPodUITests" */ = {
			isa = XCConfigurationList;
			buildConfigurations = (
				9A4F373023CD158C00E6D780 /* Debug */,
				9A4F373123CD158C00E6D780 /* Release */,
			);
			defaultConfigurationIsVisible = 0;
			defaultConfigurationName = Release;
		};
/* End XCConfigurationList section */

/* Begin XCVersionGroup section */
		9A4F370623CD158B00E6D780 /* BareBonesBranchPod.xcdatamodeld */ = {
			isa = XCVersionGroup;
			children = (
				9A4F370723CD158B00E6D780 /* BareBonesBranchPod.xcdatamodel */,
			);
			currentVersion = 9A4F370723CD158B00E6D780 /* BareBonesBranchPod.xcdatamodel */;
			path = BareBonesBranchPod.xcdatamodeld;
			sourceTree = "<group>";
			versionGroupType = wrapper.xcdatamodel;
		};
/* End XCVersionGroup section */
	};
	rootObject = 9A4F36EF23CD158B00E6D780 /* Project object */;
}
